
Microsoft Visual Studio Solution File, Format Version 12.00
# Visual Studio 15
VisualStudioVersion = 15.0.26730.12
MinimumVisualStudioVersion = 10.0.40219.1
Project("{FAE04EC0-301F-11D3-BF4B-00C04F79EFBC}") = "Paint", "Paint\Paint.csproj", "{612098D1-168A-42FD-9908-17A12D04AD97}"
EndProject
Global
	GlobalSection(SolutionConfigurationPlatforms) = preSolution
		Debug|Any CPU = Debug|Any CPU
		Release|Any CPU = Release|Any CPU
	EndGlobalSection
	GlobalSection(ProjectConfigurationPlatforms) = postSolution
		{612098D1-168A-42FD-9908-17A12D04AD97}.Debug|Any CPU.ActiveCfg = Debug|Any CPU
		{612098D1-168A-42FD-9908-17A12D04AD97}.Debug|Any CPU.Build.0 = Debug|Any CPU
		{612098D1-168A-42FD-9908-17A12D04AD97}.Release|Any CPU.ActiveCfg = Release|Any CPU
		{612098D1-168A-42FD-9908-17A12D04AD97}.Release|Any CPU.Build.0 = Release|Any CPU
	EndGlobalSection
	GlobalSection(SolutionProperties) = preSolution
		HideSolutionNode = FALSE
	EndGlobalSection
	GlobalSection(ExtensibilityGlobals) = postSolution
		SolutionGuid = {294120F6-2FC4-4FDD-BBCD-5B64EDC57ABE}
	EndGlobalSection
EndGlobal
